
Microsoft Visual Studio Solution File, Format Version 12.00
# Visual Studio Version 17
VisualStudioVersion = 17.11.35208.52
MinimumVisualStudioVersion = 10.0.40219.1
Project("{FAE04EC0-301F-11D3-BF4B-00C04F79EFBC}") = "AppDiarioDeClima.Android", "AppDiarioDeClima.Android\AppDiarioDeClima.Android.csproj", "{E444A322-214B-4750-9736-946A61C6FAC9}"
EndProject
Project("{FAE04EC0-301F-11D3-BF4B-00C04F79EFBC}") = "AppDiarioDeClima.iOS", "AppDiarioDeClima.iOS\AppDiarioDeClima.iOS.csproj", "{CF50C558-CEED-45C3-AD7A-47C6E2D2C2BE}"
EndProject
Project("{FAE04EC0-301F-11D3-BF4B-00C04F79EFBC}") = "AppDiarioDeClima", "AppDiarioDeClima\AppDiarioDeClima.csproj", "{3C69C70A-1681-4294-8D54-C7BE5FF0BD06}"
EndProject
Global
	GlobalSection(SolutionConfigurationPlatforms) = preSolution
		Debug|Any CPU = Debug|Any CPU
		Debug|iPhone = Debug|iPhone
		Debug|iPhoneSimulator = Debug|iPhoneSimulator
		Release|Any CPU = Release|Any CPU
		Release|iPhone = Release|iPhone
		Release|iPhoneSimulator = Release|iPhoneSimulator
	EndGlobalSection
	GlobalSection(ProjectConfigurationPlatforms) = postSolution
		{E444A322-214B-4750-9736-946A61C6FAC9}.Debug|Any CPU.ActiveCfg = Debug|Any CPU
		{E444A322-214B-4750-9736-946A61C6FAC9}.Debug|Any CPU.Build.0 = Debug|Any CPU
		{E444A322-214B-4750-9736-946A61C6FAC9}.Debug|Any CPU.Deploy.0 = Debug|Any CPU
		{E444A322-214B-4750-9736-946A61C6FAC9}.Debug|iPhone.ActiveCfg = Debug|Any CPU
		{E444A322-214B-4750-9736-946A61C6FAC9}.Debug|iPhone.Build.0 = Debug|Any CPU
		{E444A322-214B-4750-9736-946A61C6FAC9}.Debug|iPhone.Deploy.0 = Debug|Any CPU
		{E444A322-214B-4750-9736-946A61C6FAC9}.Debug|iPhoneSimulator.ActiveCfg = Debug|Any CPU
		{E444A322-214B-4750-9736-946A61C6FAC9}.Debug|iPhoneSimulator.Build.0 = Debug|Any CPU
		{E444A322-214B-4750-9736-946A61C6FAC9}.Debug|iPhoneSimulator.Deploy.0 = Debug|Any CPU
		{E444A322-214B-4750-9736-946A61C6FAC9}.Release|Any CPU.ActiveCfg = Release|Any CPU
		{E444A322-214B-4750-9736-946A61C6FAC9}.Release|Any CPU.Build.0 = Release|Any CPU
		{E444A322-214B-4750-9736-946A61C6FAC9}.Release|Any CPU.Deploy.0 = Release|Any CPU
		{E444A322-214B-4750-9736-946A61C6FAC9}.Release|iPhone.ActiveCfg = Release|Any CPU
		{E444A322-214B-4750-9736-946A61C6FAC9}.Release|iPhone.Build.0 = Release|Any CPU
		{E444A322-214B-4750-9736-946A61C6FAC9}.Release|iPhone.Deploy.0 = Release|Any CPU
		{E444A322-214B-4750-9736-946A61C6FAC9}.Release|iPhoneSimulator.ActiveCfg = Release|Any CPU
		{E444A322-214B-4750-9736-946A61C6FAC9}.Release|iPhoneSimulator.Build.0 = Release|Any CPU
		{E444A322-214B-4750-9736-946A61C6FAC9}.Release|iPhoneSimulator.Deploy.0 = Release|Any CPU
		{CF50C558-CEED-45C3-AD7A-47C6E2D2C2BE}.Debug|Any CPU.ActiveCfg = Debug|iPhone
		{CF50C558-CEED-45C3-AD7A-47C6E2D2C2BE}.Debug|Any CPU.Build.0 = Debug|iPhone
		{CF50C558-CEED-45C3-AD7A-47C6E2D2C2BE}.Debug|Any CPU.Deploy.0 = Debug|iPhone
		{CF50C558-CEED-45C3-AD7A-47C6E2D2C2BE}.Debug|iPhone.ActiveCfg = Debug|iPhone
		{CF50C558-CEED-45C3-AD7A-47C6E2D2C2BE}.Debug|iPhone.Build.0 = Debug|iPhone
		{CF50C558-CEED-45C3-AD7A-47C6E2D2C2BE}.Debug|iPhone.Deploy.0 = Debug|iPhone
		{CF50C558-CEED-45C3-AD7A-47C6E2D2C2BE}.Debug|iPhoneSimulator.ActiveCfg = Debug|iPhoneSimulator
		{CF50C558-CEED-45C3-AD7A-47C6E2D2C2BE}.Debug|iPhoneSimulator.Build.0 = Debug|iPhoneSimulator
		{CF50C558-CEED-45C3-AD7A-47C6E2D2C2BE}.Debug|iPhoneSimulator.Deploy.0 = Debug|iPhoneSimulator
		{CF50C558-CEED-45C3-AD7A-47C6E2D2C2BE}.Release|Any CPU.ActiveCfg = Release|iPhoneSimulator
		{CF50C558-CEED-45C3-AD7A-47C6E2D2C2BE}.Release|Any CPU.Build.0 = Release|iPhoneSimulator
		{CF50C558-CEED-45C3-AD7A-47C6E2D2C2BE}.Release|Any CPU.Deploy.0 = Release|iPhoneSimulator
		{CF50C558-CEED-45C3-AD7A-47C6E2D2C2BE}.Release|iPhone.ActiveCfg = Release|iPhone
		{CF50C558-CEED-45C3-AD7A-47C6E2D2C2BE}.Release|iPhone.Build.0 = Release|iPhone
		{CF50C558-CEED-45C3-AD7A-47C6E2D2C2BE}.Release|iPhone.Deploy.0 = Release|iPhone
		{CF50C558-CEED-45C3-AD7A-47C6E2D2C2BE}.Release|iPhoneSimulator.ActiveCfg = Release|iPhoneSimulator
		{CF50C558-CEED-45C3-AD7A-47C6E2D2C2BE}.Release|iPhoneSimulator.Build.0 = Release|iPhoneSimulator
		{CF50C558-CEED-45C3-AD7A-47C6E2D2C2BE}.Release|iPhoneSimulator.Deploy.0 = Release|iPhoneSimulator
		{3C69C70A-1681-4294-8D54-C7BE5FF0BD06}.Debug|Any CPU.ActiveCfg = Debug|Any CPU
		{3C69C70A-1681-4294-8D54-C7BE5FF0BD06}.Debug|Any CPU.Build.0 = Debug|Any CPU
		{3C69C70A-1681-4294-8D54-C7BE5FF0BD06}.Debug|Any CPU.Deploy.0 = Debug|Any CPU
		{3C69C70A-1681-4294-8D54-C7BE5FF0BD06}.Debug|iPhone.ActiveCfg = Debug|Any CPU
		{3C69C70A-1681-4294-8D54-C7BE5FF0BD06}.Debug|iPhone.Build.0 = Debug|Any CPU
		{3C69C70A-1681-4294-8D54-C7BE5FF0BD06}.Debug|iPhone.Deploy.0 = Debug|Any CPU
		{3C69C70A-1681-4294-8D54-C7BE5FF0BD06}.Debug|iPhoneSimulator.ActiveCfg = Debug|Any CPU
		{3C69C70A-1681-4294-8D54-C7BE5FF0BD06}.Debug|iPhoneSimulator.Build.0 = Debug|Any CPU
		{3C69C70A-1681-4294-8D54-C7BE5FF0BD06}.Debug|iPhoneSimulator.Deploy.0 = Debug|Any CPU
		{3C69C70A-1681-4294-8D54-C7BE5FF0BD06}.Release|Any CPU.ActiveCfg = Release|Any CPU
		{3C69C70A-1681-4294-8D54-C7BE5FF0BD06}.Release|Any CPU.Build.0 = Release|Any CPU
		{3C69C70A-1681-4294-8D54-C7BE5FF0BD06}.Release|Any CPU.Deploy.0 = Release|Any CPU
		{3C69C70A-1681-4294-8D54-C7BE5FF0BD06}.Release|iPhone.ActiveCfg = Release|Any CPU
		{3C69C70A-1681-4294-8D54-C7BE5FF0BD06}.Release|iPhone.Build.0 = Release|Any CPU
		{3C69C70A-1681-4294-8D54-C7BE5FF0BD06}.Release|iPhone.Deploy.0 = Release|Any CPU
		{3C69C70A-1681-4294-8D54-C7BE5FF0BD06}.Release|iPhoneSimulator.ActiveCfg = Release|Any CPU
		{3C69C70A-1681-4294-8D54-C7BE5FF0BD06}.Release|iPhoneSimulator.Build.0 = Release|Any CPU
		{3C69C70A-1681-4294-8D54-C7BE5FF0BD06}.Release|iPhoneSimulator.Deploy.0 = Release|Any CPU
	EndGlobalSection
	GlobalSection(SolutionProperties) = preSolution
		HideSolutionNode = FALSE
	EndGlobalSection
	GlobalSection(ExtensibilityGlobals) = postSolution
		SolutionGuid = {AB192C4F-7A95-4A4C-866C-5E4A86CC759F}
	EndGlobalSection
EndGlobal
